<?xml version="1.0" encoding="UTF-8"?>
<Project ToolsVersion="14.0" xmlns="http://schemas.microsoft.com/developer/msbuild/2003">
  <ItemGroup>
    <ClCompile Include="D:\code\xmsstamper\xmsstamper\python\xmsstamper_py.cpp">
      <Filter>Source Files</Filter>
    </ClCompile>
    <ClCompile Include="D:\code\xmsstamper\xmsstamper\python\stamper\stamper_py.cpp">
      <Filter>Source Files</Filter>
    </ClCompile>
    <ClCompile Include="D:\code\xmsstamper\xmsstamper\python\stamper\XmStamper_py.cpp">
      <Filter>Source Files</Filter>
    </ClCompile>
    <ClCompile Include="D:\code\xmsstamper\xmsstamper\python\stamper\XmStamperIo_py.cpp">
      <Filter>Source Files</Filter>
    </ClCompile>
  </ItemGroup>
  <ItemGroup>
    <ClInclude Include="D:\code\xmsstamper\xmsstamper\python\stamper\stamper_py.h">
      <Filter>Header Files</Filter>
    </ClInclude>
  </ItemGroup>
  <ItemGroup>
    <CustomBuild Include="D:\code\xmsstamper\CMakeLists.txt" />
  </ItemGroup>
  <ItemGroup>
    <Filter Include="Source Files">
      <UniqueIdentifier>{B3BB4D35-30C5-3037-B766-29A3B6711025}</UniqueIdentifier>
    </Filter>
    <Filter Include="Header Files">
      <UniqueIdentifier>{6D68ED55-C7E2-35A8-8085-2C5EE26F65DF}</UniqueIdentifier>
    </Filter>
  </ItemGroup>
</Project>
